# This file is machine-generated by `gh actions-lock`.
# Do not edit by hand; run `gh actions-lock` to update.
# Docs: https://gh.io/actions-lockfile
version: 'v0.0.2'
workflows:
    '.github/workflows/copilot-setup-steps.yml':
        - 'actions/checkout@v7'
        - 'peaceiris/actions-hugo@v3'
    '.github/workflows/stale-issues.yml':
        - 'actions/stale@v11'
dependencies:
    'actions/checkout@v7':
        ref: 'v7'
        commit: 'sha1-3d3c42e5aac5ba805825da76410c181273ba90b1'
        owner_id: 44036562
        repo_id: 197814629
    'actions/stale@v11':
        ref: 'v11'
        commit: 'sha1-4391f3da665fdf50b6810c1a66712fb9ba21aa93'
        owner_id: 44036562
        repo_id: 200437066
    'peaceiris/actions-hugo@v3':
        ref: 'v3'
        commit: 'sha1-2752ce1d29631191ea3f27c23495fa06139a5b78'
        owner_id: 30958501
        repo_id: 187902720
